
Microsoft Visual Studio Solution File, Format Version 12.00
# Visual Studio Version 17
VisualStudioVersion = 17.5.33516.290
MinimumVisualStudioVersion = 10.0.40219.1
Project("{FAE04EC0-301F-11D3-BF4B-00C04F79EFBC}") = "battery-monitor-api", "battery-monitor-api\battery-monitor-api.csproj", "{F2C93310-8548-4BAE-8B04-95F1275BB7BA}"
EndProject
Global
	GlobalSection(SolutionConfigurationPlatforms) = preSolution
		Debug|Any CPU = Debug|Any CPU
		Release|Any CPU = Release|Any CPU
	EndGlobalSection
	GlobalSection(ProjectConfigurationPlatforms) = postSolution
		{F2C93310-8548-4BAE-8B04-95F1275BB7BA}.Debug|Any CPU.ActiveCfg = Debug|Any CPU
		{F2C93310-8548-4BAE-8B04-95F1275BB7BA}.Debug|Any CPU.Build.0 = Debug|Any CPU
		{F2C93310-8548-4BAE-8B04-95F1275BB7BA}.Release|Any CPU.ActiveCfg = Release|Any CPU
		{F2C93310-8548-4BAE-8B04-95F1275BB7BA}.Release|Any CPU.Build.0 = Release|Any CPU
	EndGlobalSection
	GlobalSection(SolutionProperties) = preSolution
		HideSolutionNode = FALSE
	EndGlobalSection
	GlobalSection(ExtensibilityGlobals) = postSolution
		SolutionGuid = {F0ABCEFC-B8C0-4A24-AFD4-2499DA76A7B6}
	EndGlobalSection
EndGlobal
